// !$*UTF8*$!
{
	archiveVersion = 1;
	classes = {
	};
	objectVersion = 55;
	objects = {

/* Begin PBXBuildFile section */
		3D2A8DF72832812C00E02D86 /* AppDelegate.swift in Sources */ = {isa = PBXBuildFile; fileRef = 3D2A8DF62832812C00E02D86 /* AppDelegate.swift */; };
		3D2A8DF92832812C00E02D86 /* SceneDelegate.swift in Sources */ = {isa = PBXBuildFile; fileRef = 3D2A8DF82832812C00E02D86 /* SceneDelegate.swift */; };
		3D2A8DFB2832812C00E02D86 /* ViewController.swift in Sources */ = {isa = PBXBuildFile; fileRef = 3D2A8DFA2832812C00E02D86 /* ViewController.swift */; };
		3D2A8DFE2832812C00E02D86 /* Main.storyboard in Resources */ = {isa = PBXBuildFile; fileRef = 3D2A8DFC2832812C00E02D86 /* Main.storyboard */; };
		3D2A8E002832813000E02D86 /* Assets.xcassets in Resources */ = {isa = PBXBuildFile; fileRef = 3D2A8DFF2832813000E02D86 /* Assets.xcassets */; };
		3D2A8E032832813000E02D86 /* LaunchScreen.storyboard in Resources */ = {isa = PBXBuildFile; fileRef = 3D2A8E012832813000E02D86 /* LaunchScreen.storyboard */; };
		3D2A8E0E2832813000E02D86 /* tableTests.swift in Sources */ = {isa = PBXBuildFile; fileRef = 3D2A8E0D2832813000E02D86 /* tableTests.swift */; };
		3D2A8E182832813000E02D86 /* tableUITests.swift in Sources */ = {isa = PBXBuildFile; fileRef = 3D2A8E172832813000E02D86 /* tableUITests.swift */; };
		3D2A8E1A2832813000E02D86 /* tableUITestsLaunchTests.swift in Sources */ = {isa = PBXBuildFile; fileRef = 3D2A8E192832813000E02D86 /* tableUITestsLaunchTests.swift */; };
/* End PBXBuildFile section */

/* Begin PBXContainerItemProxy section */
		3D2A8E0A2832813000E02D86 /* PBXContainerItemProxy */ = {
			isa = PBXContainerItemProxy;
			containerPortal = 3D2A8DEB2832812C00E02D86 /* Project object */;
			proxyType = 1;
			remoteGlobalIDString = 3D2A8DF22832812C00E02D86;
			remoteInfo = table;
		};
		3D2A8E142832813000E02D86 /* PBXContainerItemProxy */ = {
			isa = PBXContainerItemProxy;
			containerPortal = 3D2A8DEB2832812C00E02D86 /* Project object */;
			proxyType = 1;
			remoteGlobalIDString = 3D2A8DF22832812C00E02D86;
			remoteInfo = table;
		};
/* End PBXContainerItemProxy section */

/* Begin PBXFileReference section */
		3D2A8DF32832812C00E02D86 /* table.app */ = {isa = PBXFileReference; explicitFileType = wrapper.application; includeInIndex = 0; path = table.app; sourceTree = BUILT_PRODUCTS_DIR; };
		3D2A8DF62832812C00E02D86 /* AppDelegate.swift */ = {isa = PBXFileReference; lastKnownFileType = sourcecode.swift; path = AppDelegate.swift; sourceTree = "<group>"; };
		3D2A8DF82832812C00E02D86 /* SceneDelegate.swift */ = {isa = PBXFileReference; lastKnownFileType = sourcecode.swift; path = SceneDelegate.swift; sourceTree = "<group>"; };
		3D2A8DFA2832812C00E02D86 /* ViewController.swift */ = {isa = PBXFileReference; lastKnownFileType = sourcecode.swift; path = ViewController.swift; sourceTree = "<group>"; };
		3D2A8DFD2832812C00E02D86 /* Base */ = {isa = PBXFileReference; lastKnownFileType = file.storyboard; name = Base; path = Base.lproj/Main.storyboard; sourceTree = "<group>"; };
		3D2A8DFF2832813000E02D86 /* Assets.xcassets */ = {isa = PBXFileReference; lastKnownFileType = folder.assetcatalog; path = Assets.xcassets; sourceTree = "<group>"; };
		3D2A8E022832813000E02D86 /* Base */ = {isa = PBXFileReference; lastKnownFileType = file.storyboard; name = Base; path = Base.lproj/LaunchScreen.storyboard; sourceTree = "<group>"; };
		3D2A8E042832813000E02D86 /* Info.plist */ = {isa = PBXFileReference; lastKnownFileType = text.plist.xml; path = Info.plist; sourceTree = "<group>"; };
		3D2A8E092832813000E02D86 /* tableTests.xctest */ = {isa = PBXFileReference; explicitFileType = wrapper.cfbundle; includeInIndex = 0; path = tableTests.xctest; sourceTree = BUILT_PRODUCTS_DIR; };
		3D2A8E0D2832813000E02D86 /* tableTests.swift */ = {isa = PBXFileReference; lastKnownFileType = sourcecode.swift; path = tableTests.swift; sourceTree = "<group>"; };
		3D2A8E132832813000E02D86 /* tableUITests.xctest */ = {isa = PBXFileReference; explicitFileType = wrapper.cfbundle; includeInIndex = 0; path = tableUITests.xctest; sourceTree = BUILT_PRODUCTS_DIR; };
		3D2A8E172832813000E02D86 /* tableUITests.swift */ = {isa = PBXFileReference; lastKnownFileType = sourcecode.swift; path = tableUITests.swift; sourceTree = "<group>"; };
		3D2A8E192832813000E02D86 /* tableUITestsLaunchTests.swift */ = {isa = PBXFileReference; lastKnownFileType = sourcecode.swift; path = tableUITestsLaunchTests.swift; sourceTree = "<group>"; };
/* End PBXFileReference section */

/* Begin PBXFrameworksBuildPhase section */
		3D2A8DF02832812C00E02D86 /* Frameworks */ = {
			isa = PBXFrameworksBuildPhase;
			buildActionMask = 2147483647;
			files = (
			);
			runOnlyForDeploymentPostprocessing = 0;
		};
		3D2A8E062832813000E02D86 /* Frameworks */ = {
			isa = PBXFrameworksBuildPhase;
			buildActionMask = 2147483647;
			files = (
			);
			runOnlyForDeploymentPostprocessing = 0;
		};
		3D2A8E102832813000E02D86 /* Frameworks */ = {
			isa = PBXFrameworksBuildPhase;
			buildActionMask = 2147483647;
			files = (
			);
			runOnlyForDeploymentPostprocessing = 0;
		};
/* End PBXFrameworksBuildPhase section */

/* Begin PBXGroup section */
		3D2A8DEA2832812C00E02D86 = {
			isa = PBXGroup;
			children = (
				3D2A8DF52832812C00E02D86 /* table */,
				3D2A8E0C2832813000E02D86 /* tableTests */,
				3D2A8E162832813000E02D86 /* tableUITests */,
				3D2A8DF42832812C00E02D86 /* Products */,
			);
			sourceTree = "<group>";
		};
		3D2A8DF42832812C00E02D86 /* Products */ = {
			isa = PBXGroup;
			children = (
				3D2A8DF32832812C00E02D86 /* table.app */,
				3D2A8E092832813000E02D86 /* tableTests.xctest */,
				3D2A8E132832813000E02D86 /* tableUITests.xctest */,
			);
			name = Products;
			sourceTree = "<group>";
		};
		3D2A8DF52832812C00E02D86 /* table */ = {
			isa = PBXGroup;
			children = (
				3D2A8DF62832812C00E02D86 /* AppDelegate.swift */,
				3D2A8DF82832812C00E02D86 /* SceneDelegate.swift */,
				3D2A8DFA2832812C00E02D86 /* ViewController.swift */,
				3D2A8DFC2832812C00E02D86 /* Main.storyboard */,
				3D2A8DFF2832813000E02D86 /* Assets.xcassets */,
				3D2A8E012832813000E02D86 /* LaunchScreen.storyboard */,
				3D2A8E042832813000E02D86 /* Info.plist */,
			);
			path = table;
			sourceTree = "<group>";
		};
		3D2A8E0C2832813000E02D86 /* tableTests */ = {
			isa = PBXGroup;
			children = (
				3D2A8E0D2832813000E02D86 /* tableTests.swift */,
			);
			path = tableTests;
			sourceTree = "<group>";
		};
		3D2A8E162832813000E02D86 /* tableUITests */ = {
			isa = PBXGroup;
			children = (
				3D2A8E172832813000E02D86 /* tableUITests.swift */,
				3D2A8E192832813000E02D86 /* tableUITestsLaunchTests.swift */,
			);
			path = tableUITests;
			sourceTree = "<group>";
		};
/* End PBXGroup section */

/* Begin PBXNativeTarget section */
		3D2A8DF22832812C00E02D86 /* table */ = {
			isa = PBXNativeTarget;
			buildConfigurationList = 3D2A8E1D2832813000E02D86 /* Build configuration list for PBXNativeTarget "table" */;
			buildPhases = (
				3D2A8DEF2832812C00E02D86 /* Sources */,
				3D2A8DF02832812C00E02D86 /* Frameworks */,
				3D2A8DF12832812C00E02D86 /* Resources */,
			);
			buildRules = (
			);
			dependencies = (
			);
			name = table;
			productName = table;
			productReference = 3D2A8DF32832812C00E02D86 /* table.app */;
			productType = "com.apple.product-type.application";
		};
		3D2A8E082832813000E02D86 /* tableTests */ = {
			isa = PBXNativeTarget;
			buildConfigurationList = 3D2A8E202832813000E02D86 /* Build configuration list for PBXNativeTarget "tableTests" */;
			buildPhases = (
				3D2A8E052832813000E02D86 /* Sources */,
				3D2A8E062832813000E02D86 /* Frameworks */,
				3D2A8E072832813000E02D86 /* Resources */,
			);
			buildRules = (
			);
			dependencies = (
				3D2A8E0B2832813000E02D86 /* PBXTargetDependency */,
			);
			name = tableTests;
			productName = tableTests;
			productReference = 3D2A8E092832813000E02D86 /* tableTests.xctest */;
			productType = "com.apple.product-type.bundle.unit-test";
		};
		3D2A8E122832813000E02D86 /* tableUITests */ = {
			isa = PBXNativeTarget;
			buildConfigurationList = 3D2A8E232832813000E02D86 /* Build configuration list for PBXNativeTarget "tableUITests" */;
			buildPhases = (
				3D2A8E0F2832813000E02D86 /* Sources */,
				3D2A8E102832813000E02D86 /* Frameworks */,
				3D2A8E112832813000E02D86 /* Resources */,
			);
			buildRules = (
			);
			dependencies = (
				3D2A8E152832813000E02D86 /* PBXTargetDependency */,
			);
			name = tableUITests;
			productName = tableUITests;
			productReference = 3D2A8E132832813000E02D86 /* tableUITests.xctest */;
			productType = "com.apple.product-type.bundle.ui-testing";
		};
/* End PBXNativeTarget section */

/* Begin PBXProject section */
		3D2A8DEB2832812C00E02D86 /* Project object */ = {
			isa = PBXProject;
			attributes = {
				BuildIndependentTargetsInParallel = 1;
				LastSwiftUpdateCheck = 1320;
				LastUpgradeCheck = 1320;
				TargetAttributes = {
					3D2A8DF22832812C00E02D86 = {
						CreatedOnToolsVersion = 13.2.1;
					};
					3D2A8E082832813000E02D86 = {
						CreatedOnToolsVersion = 13.2.1;
						TestTargetID = 3D2A8DF22832812C00E02D86;
					};
					3D2A8E122832813000E02D86 = {
						CreatedOnToolsVersion = 13.2.1;
						TestTargetID = 3D2A8DF22832812C00E02D86;
					};
				};
			};
			buildConfigurationList = 3D2A8DEE2832812C00E02D86 /* Build configuration list for PBXProject "table" */;
			compatibilityVersion = "Xcode 13.0";
			developmentRegion = en;
			hasScannedForEncodings = 0;
			knownRegions = (
				en,
				Base,
			);
			mainGroup = 3D2A8DEA2832812C00E02D86;
			productRefGroup = 3D2A8DF42832812C00E02D86 /* Products */;
			projectDirPath = "";
			projectRoot = "";
			targets = (
				3D2A8DF22832812C00E02D86 /* table */,
				3D2A8E082832813000E02D86 /* tableTests */,
				3D2A8E122832813000E02D86 /* tableUITests */,
			);
		};
/* End PBXProject section */

/* Begin PBXResourcesBuildPhase section */
		3D2A8DF12832812C00E02D86 /* Resources */ = {
			isa = PBXResourcesBuildPhase;
			buildActionMask = 2147483647;
			files = (
				3D2A8E032832813000E02D86 /* LaunchScreen.storyboard in Resources */,
				3D2A8E002832813000E02D86 /* Assets.xcassets in Resources */,
				3D2A8DFE2832812C00E02D86 /* Main.storyboard in Resources */,
			);
			runOnlyForDeploymentPostprocessing = 0;
		};
		3D2A8E072832813000E02D86 /* Resources */ = {
			isa = PBXResourcesBuildPhase;
			buildActionMask = 2147483647;
			files = (
			);
			runOnlyForDeploymentPostprocessing = 0;
		};
		3D2A8E112832813000E02D86 /* Resources */ = {
			isa = PBXResourcesBuildPhase;
			buildActionMask = 2147483647;
			files = (
			);
			runOnlyForDeploymentPostprocessing = 0;
		};
/* End PBXResourcesBuildPhase section */

/* Begin PBXSourcesBuildPhase section */
		3D2A8DEF2832812C00E02D86 /* Sources */ = {
			isa = PBXSourcesBuildPhase;
			buildActionMask = 2147483647;
			files = (
				3D2A8DFB2832812C00E02D86 /* ViewController.swift in Sources */,
				3D2A8DF72832812C00E02D86 /* AppDelegate.swift in Sources */,
				3D2A8DF92832812C00E02D86 /* SceneDelegate.swift in Sources */,
			);
			runOnlyForDeploymentPostprocessing = 0;
		};
		3D2A8E052832813000E02D86 /* Sources */ = {
			isa = PBXSourcesBuildPhase;
			buildActionMask = 2147483647;
			files = (
				3D2A8E0E2832813000E02D86 /* tableTests.swift in Sources */,
			);
			runOnlyForDeploymentPostprocessing = 0;
		};
		3D2A8E0F2832813000E02D86 /* Sources */ = {
			isa = PBXSourcesBuildPhase;
			buildActionMask = 2147483647;
			files = (
				3D2A8E182832813000E02D86 /* tableUITests.swift in Sources */,
				3D2A8E1A2832813000E02D86 /* tableUITestsLaunchTests.swift in Sources */,
			);
			runOnlyForDeploymentPostprocessing = 0;
		};
/* End PBXSourcesBuildPhase section */

/* Begin PBXTargetDependency section */
		3D2A8E0B2832813000E02D86 /* PBXTargetDependency */ = {
			isa = PBXTargetDependency;
			target = 3D2A8DF22832812C00E02D86 /* table */;
			targetProxy = 3D2A8E0A2832813000E02D86 /* PBXContainerItemProxy */;
		};
		3D2A8E152832813000E02D86 /* PBXTargetDependency */ = {
			isa = PBXTargetDependency;
			target = 3D2A8DF22832812C00E02D86 /* table */;
			targetProxy = 3D2A8E142832813000E02D86 /* PBXContainerItemProxy */;
		};
/* End PBXTargetDependency section */

/* Begin PBXVariantGroup section */
		3D2A8DFC2832812C00E02D86 /* Main.storyboard */ = {
			isa = PBXVariantGroup;
			children = (
				3D2A8DFD2832812C00E02D86 /* Base */,
			);
			name = Main.storyboard;
			sourceTree = "<group>";
		};
		3D2A8E012832813000E02D86 /* LaunchScreen.storyboard */ = {
			isa = PBXVariantGroup;
			children = (
				3D2A8E022832813000E02D86 /* Base */,
			);
			name = LaunchScreen.storyboard;
			sourceTree = "<group>";
		};
/* End PBXVariantGroup section */

/* Begin XCBuildConfiguration section */
		3D2A8E1B2832813000E02D86 /* Debug */ = {
			isa = XCBuildConfiguration;
			buildSettings = {
				ALWAYS_SEARCH_USER_PATHS = NO;
				CLANG_ANALYZER_NONNULL = YES;
				CLANG_ANALYZER_NUMBER_OBJECT_CONVERSION = YES_AGGRESSIVE;
				CLANG_CXX_LANGUAGE_STANDARD = "gnu++17";
				CLANG_CXX_LIBRARY = "libc++";
				CLANG_ENABLE_MODULES = YES;
				CLANG_ENABLE_OBJC_ARC = YES;
				CLANG_ENABLE_OBJC_WEAK = YES;
				CLANG_WARN_BLOCK_CAPTURE_AUTORELEASING = YES;
				CLANG_WARN_BOOL_CONVERSION = YES;
				CLANG_WARN_COMMA = YES;
				CLANG_WARN_CONSTANT_CONVERSION = YES;
				CLANG_WARN_DEPRECATED_OBJC_IMPLEMENTATIONS = YES;
				CLANG_WARN_DIRECT_OBJC_ISA_USAGE = YES_ERROR;
				CLANG_WARN_DOCUMENTATION_COMMENTS = YES;
				CLANG_WARN_EMPTY_BODY = YES;
				CLANG_WARN_ENUM_CONVERSION = YES;
				CLANG_WARN_INFINITE_RECURSION = YES;
				CLANG_WARN_INT_CONVERSION = YES;
				CLANG_WARN_NON_LITERAL_NULL_CONVERSION = YES;
				CLANG_WARN_OBJC_IMPLICIT_RETAIN_SELF = YES;
				CLANG_WARN_OBJC_LITERAL_CONVERSION = YES;
				CLANG_WARN_OBJC_ROOT_CLASS = YES_ERROR;
				CLANG_WARN_QUOTED_INCLUDE_IN_FRAMEWORK_HEADER = YES;
				CLANG_WARN_RANGE_LOOP_ANALYSIS = YES;
				CLANG_WARN_STRICT_PROTOTYPES = YES;
				CLANG_WARN_SUSPICIOUS_MOVE = YES;
				CLANG_WARN_UNGUARDED_AVAILABILITY = YES_AGGRESSIVE;
				CLANG_WARN_UNREACHABLE_CODE = YES;
				CLANG_WARN__DUPLICATE_METHOD_MATCH = YES;
				COPY_PHASE_STRIP = NO;
				DEBUG_INFORMATION_FORMAT = dwarf;
				ENABLE_STRICT_OBJC_MSGSEND = YES;
				ENABLE_TESTABILITY = YES;
				GCC_C_LANGUAGE_STANDARD = gnu11;
				GCC_DYNAMIC_NO_PIC = NO;
				GCC_NO_COMMON_BLOCKS = YES;
				GCC_OPTIMIZATION_LEVEL = 0;
				GCC_PREPROCESSOR_DEFINITIONS = (
					"DEBUG=1",
					"$(inherited)",
				);
				GCC_WARN_64_TO_32_BIT_CONVERSION = YES;
				GCC_WARN_ABOUT_RETURN_TYPE = YES_ERROR;
				GCC_WARN_UNDECLARED_SELECTOR = YES;
				GCC_WARN_UNINITIALIZED_AUTOS = YES_AGGRESSIVE;
				GCC_WARN_UNUSED_FUNCTION = YES;
				GCC_WARN_UNUSED_VARIABLE = YES;
				IPHONEOS_DEPLOYMENT_TARGET = 15.2;
				MTL_ENABLE_DEBUG_INFO = INCLUDE_SOURCE;
				MTL_FAST_MATH = YES;
				ONLY_ACTIVE_ARCH = YES;
				SDKROOT = iphoneos;
				SWIFT_ACTIVE_COMPILATION_CONDITIONS = DEBUG;
				SWIFT_OPTIMIZATION_LEVEL = "-Onone";
			};
			name = Debug;
		};
		3D2A8E1C2832813000E02D86 /* Release */ = {
			isa = XCBuildConfiguration;
			buildSettings = {
				ALWAYS_SEARCH_USER_PATHS = NO;
				CLANG_ANALYZER_NONNULL = YES;
				CLANG_ANALYZER_NUMBER_OBJECT_CONVERSION = YES_AGGRESSIVE;
				CLANG_CXX_LANGUAGE_STANDARD = "gnu++17";
				CLANG_CXX_LIBRARY = "libc++";
				CLANG_ENABLE_MODULES = YES;
				CLANG_ENABLE_OBJC_ARC = YES;
				CLANG_ENABLE_OBJC_WEAK = YES;
				CLANG_WARN_BLOCK_CAPTURE_AUTORELEASING = YES;
				CLANG_WARN_BOOL_CONVERSION = YES;
				CLANG_WARN_COMMA = YES;
				CLANG_WARN_CONSTANT_CONVERSION = YES;
				CLANG_WARN_DEPRECATED_OBJC_IMPLEMENTATIONS = YES;
				CLANG_WARN_DIRECT_OBJC_ISA_USAGE = YES_ERROR;
				CLANG_WARN_DOCUMENTATION_COMMENTS = YES;
				CLANG_WARN_EMPTY_BODY = YES;
				CLANG_WARN_ENUM_CONVERSION = YES;
				CLANG_WARN_INFINITE_RECURSION = YES;
				CLANG_WARN_INT_CONVERSION = YES;
				CLANG_WARN_NON_LITERAL_NULL_CONVERSION = YES;
				CLANG_WARN_OBJC_IMPLICIT_RETAIN_SELF = YES;
				CLANG_WARN_OBJC_LITERAL_CONVERSION = YES;
				CLANG_WARN_OBJC_ROOT_CLASS = YES_ERROR;
				CLANG_WARN_QUOTED_INCLUDE_IN_FRAMEWORK_HEADER = YES;
				CLANG_WARN_RANGE_LOOP_ANALYSIS = YES;
				CLANG_WARN_STRICT_PROTOTYPES = YES;
				CLANG_WARN_SUSPICIOUS_MOVE = YES;
				CLANG_WARN_UNGUARDED_AVAILABILITY = YES_AGGRESSIVE;
				CLANG_WARN_UNREACHABLE_CODE = YES;
				CLANG_WARN__DUPLICATE_METHOD_MATCH = YES;
				COPY_PHASE_STRIP = NO;
				DEBUG_INFORMATION_FORMAT = "dwarf-with-dsym";
				ENABLE_NS_ASSERTIONS = NO;
				ENABLE_STRICT_OBJC_MSGSEND = YES;
				GCC_C_LANGUAGE_STANDARD = gnu11;
				GCC_NO_COMMON_BLOCKS = YES;
				GCC_WARN_64_TO_32_BIT_CONVERSION = YES;
				GCC_WARN_ABOUT_RETURN_TYPE = YES_ERROR;
				GCC_WARN_UNDECLARED_SELECTOR = YES;
				GCC_WARN_UNINITIALIZED_AUTOS = YES_AGGRESSIVE;
				GCC_WARN_UNUSED_FUNCTION = YES;
				GCC_WARN_UNUSED_VARIABLE = YES;
				IPHONEOS_DEPLOYMENT_TARGET = 15.2;
				MTL_ENABLE_DEBUG_INFO = NO;
				MTL_FAST_MATH = YES;
				SDKROOT = iphoneos;
				SWIFT_COMPILATION_MODE = wholemodule;
				SWIFT_OPTIMIZATION_LEVEL = "-O";
				VALIDATE_PRODUCT = YES;
			};
			name = Release;
		};
		3D2A8E1E2832813000E02D86 /* Debug */ = {
			isa = XCBuildConfiguration;
			buildSettings = {
				ASSETCATALOG_COMPILER_APPICON_NAME = AppIcon;
				ASSETCATALOG_COMPILER_GLOBAL_ACCENT_COLOR_NAME = AccentColor;
				CODE_SIGN_STYLE = Automatic;
				CURRENT_PROJECT_VERSION = 1;
				GENERATE_INFOPLIST_FILE = YES;
				INFOPLIST_FILE = table/Info.plist;
				INFOPLIST_KEY_UIApplicationSupportsIndirectInputEvents = YES;
				INFOPLIST_KEY_UILaunchStoryboardName = LaunchScreen;
				INFOPLIST_KEY_UIMainStoryboardFile = Main;
				INFOPLIST_KEY_UISupportedInterfaceOrientations_iPad = "UIInterfaceOrientationPortrait UIInterfaceOrientationPortraitUpsideDown UIInterfaceOrientationLandscapeLeft UIInterfaceOrientationLandscapeRight";
				INFOPLIST_KEY_UISupportedInterfaceOrientations_iPhone = "UIInterfaceOrientationPortrait UIInterfaceOrientationLandscapeLeft UIInterfaceOrientationLandscapeRight";
				LD_RUNPATH_SEARCH_PATHS = (
					"$(inherited)",
					"@executable_path/Frameworks",
				);
				MARKETING_VERSION = 1.0;
				PRODUCT_BUNDLE_IDENTIFIER = com.iim.table;
				PRODUCT_NAME = "$(TARGET_NAME)";
				SWIFT_EMIT_LOC_STRINGS = YES;
				SWIFT_VERSION = 5.0;
				TARGETED_DEVICE_FAMILY = "1,2";
			};
			name = Debug;
		};
		3D2A8E1F2832813000E02D86 /* Release */ = {
			isa = XCBuildConfiguration;
			buildSettings = {
				ASSETCATALOG_COMPILER_APPICON_NAME = AppIcon;
				ASSETCATALOG_COMPILER_GLOBAL_ACCENT_COLOR_NAME = AccentColor;
				CODE_SIGN_STYLE = Automatic;
				CURRENT_PROJECT_VERSION = 1;
				GENERATE_INFOPLIST_FILE = YES;
				INFOPLIST_FILE = table/Info.plist;
				INFOPLIST_KEY_UIApplicationSupportsIndirectInputEvents = YES;
				INFOPLIST_KEY_UILaunchStoryboardName = LaunchScreen;
				INFOPLIST_KEY_UIMainStoryboardFile = Main;
				INFOPLIST_KEY_UISupportedInterfaceOrientations_iPad = "UIInterfaceOrientationPortrait UIInterfaceOrientationPortraitUpsideDown UIInterfaceOrientationLandscapeLeft UIInterfaceOrientationLandscapeRight";
				INFOPLIST_KEY_UISupportedInterfaceOrientations_iPhone = "UIInterfaceOrientationPortrait UIInterfaceOrientationLandscapeLeft UIInterfaceOrientationLandscapeRight";
				LD_RUNPATH_SEARCH_PATHS = (
					"$(inherited)",
					"@executable_path/Frameworks",
				);
				MARKETING_VERSION = 1.0;
				PRODUCT_BUNDLE_IDENTIFIER = com.iim.table;
				PRODUCT_NAME = "$(TARGET_NAME)";
				SWIFT_EMIT_LOC_STRINGS = YES;
				SWIFT_VERSION = 5.0;
				TARGETED_DEVICE_FAMILY = "1,2";
			};
			name = Release;
		};
		3D2A8E212832813000E02D86 /* Debug */ = {
			isa = XCBuildConfiguration;
			buildSettings = {
				ALWAYS_EMBED_SWIFT_STANDARD_LIBRARIES = YES;
				BUNDLE_LOADER = "$(TEST_HOST)";
				CODE_SIGN_STYLE = Automatic;
				CURRENT_PROJECT_VERSION = 1;
				GENERATE_INFOPLIST_FILE = YES;
				IPHONEOS_DEPLOYMENT_TARGET = 15.2;
				MARKETING_VERSION = 1.0;
				PRODUCT_BUNDLE_IDENTIFIER = com.iim.tableTests;
				PRODUCT_NAME = "$(TARGET_NAME)";
				SWIFT_EMIT_LOC_STRINGS = NO;
				SWIFT_VERSION = 5.0;
				TARGETED_DEVICE_FAMILY = "1,2";
				TEST_HOST = "$(BUILT_PRODUCTS_DIR)/table.app/table";
			};
			name = Debug;
		};
		3D2A8E222832813000E02D86 /* Release */ = {
			isa = XCBuildConfiguration;
			buildSettings = {
				ALWAYS_EMBED_SWIFT_STANDARD_LIBRARIES = YES;
				BUNDLE_LOADER = "$(TEST_HOST)";
				CODE_SIGN_STYLE = Automatic;
				CURRENT_PROJECT_VERSION = 1;
				GENERATE_INFOPLIST_FILE = YES;
				IPHONEOS_DEPLOYMENT_TARGET = 15.2;
				MARKETING_VERSION = 1.0;
				PRODUCT_BUNDLE_IDENTIFIER = com.iim.tableTests;
				PRODUCT_NAME = "$(TARGET_NAME)";
				SWIFT_EMIT_LOC_STRINGS = NO;
				SWIFT_VERSION = 5.0;
				TARGETED_DEVICE_FAMILY = "1,2";
				TEST_HOST = "$(BUILT_PRODUCTS_DIR)/table.app/table";
			};
			name = Release;
		};
		3D2A8E242832813000E02D86 /* Debug */ = {
			isa = XCBuildConfiguration;
			buildSettings = {
				ALWAYS_EMBED_SWIFT_STANDARD_LIBRARIES = YES;
				CODE_SIGN_STYLE = Automatic;
				CURRENT_PROJECT_VERSION = 1;
				GENERATE_INFOPLIST_FILE = YES;
				MARKETING_VERSION = 1.0;
				PRODUCT_BUNDLE_IDENTIFIER = com.iim.tableUITests;
				PRODUCT_NAME = "$(TARGET_NAME)";
				SWIFT_EMIT_LOC_STRINGS = NO;
				SWIFT_VERSION = 5.0;
				TARGETED_DEVICE_FAMILY = "1,2";
				TEST_TARGET_NAME = table;
			};
			name = Debug;
		};
		3D2A8E252832813000E02D86 /* Release */ = {
			isa = XCBuildConfiguration;
			buildSettings = {
				ALWAYS_EMBED_SWIFT_STANDARD_LIBRARIES = YES;
				CODE_SIGN_STYLE = Automatic;
				CURRENT_PROJECT_VERSION = 1;
				GENERATE_INFOPLIST_FILE = YES;
				MARKETING_VERSION = 1.0;
				PRODUCT_BUNDLE_IDENTIFIER = com.iim.tableUITests;
				PRODUCT_NAME = "$(TARGET_NAME)";
				SWIFT_EMIT_LOC_STRINGS = NO;
				SWIFT_VERSION = 5.0;
				TARGETED_DEVICE_FAMILY = "1,2";
				TEST_TARGET_NAME = table;
			};
			name = Release;
		};
/* End XCBuildConfiguration section */

/* Begin XCConfigurationList section */
		3D2A8DEE2832812C00E02D86 /* Build configuration list for PBXProject "table" */ = {
			isa = XCConfigurationList;
			buildConfigurations = (
				3D2A8E1B2832813000E02D86 /* Debug */,
				3D2A8E1C2832813000E02D86 /* Release */,
			);
			defaultConfigurationIsVisible = 0;
			defaultConfigurationName = Release;
		};
		3D2A8E1D2832813000E02D86 /* Build configuration list for PBXNativeTarget "table" */ = {
			isa = XCConfigurationList;
			buildConfigurations = (
				3D2A8E1E2832813000E02D86 /* Debug */,
				3D2A8E1F2832813000E02D86 /* Release */,
			);
			defaultConfigurationIsVisible = 0;
			defaultConfigurationName = Release;
		};
		3D2A8E202832813000E02D86 /* Build configuration list for PBXNativeTarget "tableTests" */ = {
			isa = XCConfigurationList;
			buildConfigurations = (
				3D2A8E212832813000E02D86 /* Debug */,
				3D2A8E222832813000E02D86 /* Release */,
			);
			defaultConfigurationIsVisible = 0;
			defaultConfigurationName = Release;
		};
		3D2A8E232832813000E02D86 /* Build configuration list for PBXNativeTarget "tableUITests" */ = {
			isa = XCConfigurationList;
			buildConfigurations = (
				3D2A8E242832813000E02D86 /* Debug */,
				3D2A8E252832813000E02D86 /* Release */,
			);
			defaultConfigurationIsVisible = 0;
			defaultConfigurationName = Release;
		};
/* End XCConfigurationList section */
	};
	rootObject = 3D2A8DEB2832812C00E02D86 /* Project object */;
}
