// !$*UTF8*$!
{
	archiveVersion = 1;
	classes = {
	};
	objectVersion = 55;
	objects = {

/* Begin PBXBuildFile section */
		3DE43D282834DCB100B6CCD7 /* AppDelegate.swift in Sources */ = {isa = PBXBuildFile; fileRef = 3DE43D272834DCB100B6CCD7 /* AppDelegate.swift */; };
		3DE43D2A2834DCB100B6CCD7 /* SceneDelegate.swift in Sources */ = {isa = PBXBuildFile; fileRef = 3DE43D292834DCB100B6CCD7 /* SceneDelegate.swift */; };
		3DE43D2C2834DCB100B6CCD7 /* ViewController.swift in Sources */ = {isa = PBXBuildFile; fileRef = 3DE43D2B2834DCB100B6CCD7 /* ViewController.swift */; };
		3DE43D2F2834DCB100B6CCD7 /* Main.storyboard in Resources */ = {isa = PBXBuildFile; fileRef = 3DE43D2D2834DCB100B6CCD7 /* Main.storyboard */; };
		3DE43D312834DCB200B6CCD7 /* Assets.xcassets in Resources */ = {isa = PBXBuildFile; fileRef = 3DE43D302834DCB200B6CCD7 /* Assets.xcassets */; };
		3DE43D342834DCB200B6CCD7 /* LaunchScreen.storyboard in Resources */ = {isa = PBXBuildFile; fileRef = 3DE43D322834DCB200B6CCD7 /* LaunchScreen.storyboard */; };
		3DE43D3D2834E98600B6CCD7 /* CellViewController.swift in Sources */ = {isa = PBXBuildFile; fileRef = 3DE43D3C2834E98600B6CCD7 /* CellViewController.swift */; };
		3DFD10232834F69A00634252 /* Networker.swift in Sources */ = {isa = PBXBuildFile; fileRef = 3DFD10222834F69A00634252 /* Networker.swift */; };
		3DFD10252834F6E200634252 /* WeatherViewController.swift in Sources */ = {isa = PBXBuildFile; fileRef = 3DFD10242834F6E200634252 /* WeatherViewController.swift */; };
		3DFD10272834F6FA00634252 /* WeatherApi.swift in Sources */ = {isa = PBXBuildFile; fileRef = 3DFD10262834F6FA00634252 /* WeatherApi.swift */; };
		3DFD102A2834FA8900634252 /* WeatherModel.swift in Sources */ = {isa = PBXBuildFile; fileRef = 3DFD10292834FA8900634252 /* WeatherModel.swift */; };
		3DFD102C283515C800634252 /* ResultTypes.swift in Sources */ = {isa = PBXBuildFile; fileRef = 3DFD102B283515C800634252 /* ResultTypes.swift */; };
		3DFD102F28351EE600634252 /* Kingfisher in Frameworks */ = {isa = PBXBuildFile; productRef = 3DFD102E28351EE600634252 /* Kingfisher */; };
/* End PBXBuildFile section */

/* Begin PBXFileReference section */
		3DE43D242834DCB100B6CCD7 /* td4.app */ = {isa = PBXFileReference; explicitFileType = wrapper.application; includeInIndex = 0; path = td4.app; sourceTree = BUILT_PRODUCTS_DIR; };
		3DE43D272834DCB100B6CCD7 /* AppDelegate.swift */ = {isa = PBXFileReference; lastKnownFileType = sourcecode.swift; path = AppDelegate.swift; sourceTree = "<group>"; };
		3DE43D292834DCB100B6CCD7 /* SceneDelegate.swift */ = {isa = PBXFileReference; lastKnownFileType = sourcecode.swift; path = SceneDelegate.swift; sourceTree = "<group>"; };
		3DE43D2B2834DCB100B6CCD7 /* ViewController.swift */ = {isa = PBXFileReference; lastKnownFileType = sourcecode.swift; path = ViewController.swift; sourceTree = "<group>"; };
		3DE43D2E2834DCB100B6CCD7 /* Base */ = {isa = PBXFileReference; lastKnownFileType = file.storyboard; name = Base; path = Base.lproj/Main.storyboard; sourceTree = "<group>"; };
		3DE43D302834DCB200B6CCD7 /* Assets.xcassets */ = {isa = PBXFileReference; lastKnownFileType = folder.assetcatalog; path = Assets.xcassets; sourceTree = "<group>"; };
		3DE43D332834DCB200B6CCD7 /* Base */ = {isa = PBXFileReference; lastKnownFileType = file.storyboard; name = Base; path = Base.lproj/LaunchScreen.storyboard; sourceTree = "<group>"; };
		3DE43D352834DCB200B6CCD7 /* Info.plist */ = {isa = PBXFileReference; lastKnownFileType = text.plist.xml; path = Info.plist; sourceTree = "<group>"; };
		3DE43D3C2834E98600B6CCD7 /* CellViewController.swift */ = {isa = PBXFileReference; lastKnownFileType = sourcecode.swift; path = CellViewController.swift; sourceTree = "<group>"; };
		3DFD10222834F69A00634252 /* Networker.swift */ = {isa = PBXFileReference; lastKnownFileType = sourcecode.swift; path = Networker.swift; sourceTree = "<group>"; };
		3DFD10242834F6E200634252 /* WeatherViewController.swift */ = {isa = PBXFileReference; lastKnownFileType = sourcecode.swift; path = WeatherViewController.swift; sourceTree = "<group>"; };
		3DFD10262834F6FA00634252 /* WeatherApi.swift */ = {isa = PBXFileReference; lastKnownFileType = sourcecode.swift; path = WeatherApi.swift; sourceTree = "<group>"; };
		3DFD10292834FA8900634252 /* WeatherModel.swift */ = {isa = PBXFileReference; lastKnownFileType = sourcecode.swift; path = WeatherModel.swift; sourceTree = "<group>"; };
		3DFD102B283515C800634252 /* ResultTypes.swift */ = {isa = PBXFileReference; lastKnownFileType = sourcecode.swift; path = ResultTypes.swift; sourceTree = "<group>"; };
/* End PBXFileReference section */

/* Begin PBXFrameworksBuildPhase section */
		3DE43D212834DCB100B6CCD7 /* Frameworks */ = {
			isa = PBXFrameworksBuildPhase;
			buildActionMask = 2147483647;
			files = (
				3DFD102F28351EE600634252 /* Kingfisher in Frameworks */,
			);
			runOnlyForDeploymentPostprocessing = 0;
		};
/* End PBXFrameworksBuildPhase section */

/* Begin PBXGroup section */
		3DE43D1B2834DCB100B6CCD7 = {
			isa = PBXGroup;
			children = (
				3DE43D262834DCB100B6CCD7 /* td4 */,
				3DE43D252834DCB100B6CCD7 /* Products */,
			);
			sourceTree = "<group>";
		};
		3DE43D252834DCB100B6CCD7 /* Products */ = {
			isa = PBXGroup;
			children = (
				3DE43D242834DCB100B6CCD7 /* td4.app */,
			);
			name = Products;
			sourceTree = "<group>";
		};
		3DE43D262834DCB100B6CCD7 /* td4 */ = {
			isa = PBXGroup;
			children = (
				3DFD10282834FA7200634252 /* Model */,
				3DFD10212834F5FC00634252 /* Network */,
				3DE43D3B2834DCBA00B6CCD7 /* View */,
				3DE43D272834DCB100B6CCD7 /* AppDelegate.swift */,
				3DE43D292834DCB100B6CCD7 /* SceneDelegate.swift */,
				3DE43D302834DCB200B6CCD7 /* Assets.xcassets */,
				3DE43D352834DCB200B6CCD7 /* Info.plist */,
			);
			path = td4;
			sourceTree = "<group>";
		};
		3DE43D3B2834DCBA00B6CCD7 /* View */ = {
			isa = PBXGroup;
			children = (
				3DE43D2B2834DCB100B6CCD7 /* ViewController.swift */,
				3DE43D2D2834DCB100B6CCD7 /* Main.storyboard */,
				3DE43D322834DCB200B6CCD7 /* LaunchScreen.storyboard */,
				3DE43D3C2834E98600B6CCD7 /* CellViewController.swift */,
				3DFD10242834F6E200634252 /* WeatherViewController.swift */,
			);
			path = View;
			sourceTree = "<group>";
		};
		3DFD10212834F5FC00634252 /* Network */ = {
			isa = PBXGroup;
			children = (
				3DFD10222834F69A00634252 /* Networker.swift */,
				3DFD10262834F6FA00634252 /* WeatherApi.swift */,
			);
			path = Network;
			sourceTree = "<group>";
		};
		3DFD10282834FA7200634252 /* Model */ = {
			isa = PBXGroup;
			children = (
				3DFD10292834FA8900634252 /* WeatherModel.swift */,
				3DFD102B283515C800634252 /* ResultTypes.swift */,
			);
			path = Model;
			sourceTree = "<group>";
		};
/* End PBXGroup section */

/* Begin PBXNativeTarget section */
		3DE43D232834DCB100B6CCD7 /* td4 */ = {
			isa = PBXNativeTarget;
			buildConfigurationList = 3DE43D382834DCB200B6CCD7 /* Build configuration list for PBXNativeTarget "td4" */;
			buildPhases = (
				3DE43D202834DCB100B6CCD7 /* Sources */,
				3DE43D212834DCB100B6CCD7 /* Frameworks */,
				3DE43D222834DCB100B6CCD7 /* Resources */,
			);
			buildRules = (
			);
			dependencies = (
			);
			name = td4;
			packageProductDependencies = (
				3DFD102E28351EE600634252 /* Kingfisher */,
			);
			productName = td4;
			productReference = 3DE43D242834DCB100B6CCD7 /* td4.app */;
			productType = "com.apple.product-type.application";
		};
/* End PBXNativeTarget section */

/* Begin PBXProject section */
		3DE43D1C2834DCB100B6CCD7 /* Project object */ = {
			isa = PBXProject;
			attributes = {
				BuildIndependentTargetsInParallel = 1;
				LastSwiftUpdateCheck = 1320;
				LastUpgradeCheck = 1320;
				TargetAttributes = {
					3DE43D232834DCB100B6CCD7 = {
						CreatedOnToolsVersion = 13.2.1;
					};
				};
			};
			buildConfigurationList = 3DE43D1F2834DCB100B6CCD7 /* Build configuration list for PBXProject "td4" */;
			compatibilityVersion = "Xcode 13.0";
			developmentRegion = en;
			hasScannedForEncodings = 0;
			knownRegions = (
				en,
				Base,
			);
			mainGroup = 3DE43D1B2834DCB100B6CCD7;
			packageReferences = (
				3DFD102D28351EE600634252 /* XCRemoteSwiftPackageReference "Kingfisher" */,
			);
			productRefGroup = 3DE43D252834DCB100B6CCD7 /* Products */;
			projectDirPath = "";
			projectRoot = "";
			targets = (
				3DE43D232834DCB100B6CCD7 /* td4 */,
			);
		};
/* End PBXProject section */

/* Begin PBXResourcesBuildPhase section */
		3DE43D222834DCB100B6CCD7 /* Resources */ = {
			isa = PBXResourcesBuildPhase;
			buildActionMask = 2147483647;
			files = (
				3DE43D342834DCB200B6CCD7 /* LaunchScreen.storyboard in Resources */,
				3DE43D312834DCB200B6CCD7 /* Assets.xcassets in Resources */,
				3DE43D2F2834DCB100B6CCD7 /* Main.storyboard in Resources */,
			);
			runOnlyForDeploymentPostprocessing = 0;
		};
/* End PBXResourcesBuildPhase section */

/* Begin PBXSourcesBuildPhase section */
		3DE43D202834DCB100B6CCD7 /* Sources */ = {
			isa = PBXSourcesBuildPhase;
			buildActionMask = 2147483647;
			files = (
				3DFD10232834F69A00634252 /* Networker.swift in Sources */,
				3DFD10252834F6E200634252 /* WeatherViewController.swift in Sources */,
				3DE43D2C2834DCB100B6CCD7 /* ViewController.swift in Sources */,
				3DFD102C283515C800634252 /* ResultTypes.swift in Sources */,
				3DE43D282834DCB100B6CCD7 /* AppDelegate.swift in Sources */,
				3DE43D3D2834E98600B6CCD7 /* CellViewController.swift in Sources */,
				3DFD10272834F6FA00634252 /* WeatherApi.swift in Sources */,
				3DFD102A2834FA8900634252 /* WeatherModel.swift in Sources */,
				3DE43D2A2834DCB100B6CCD7 /* SceneDelegate.swift in Sources */,
			);
			runOnlyForDeploymentPostprocessing = 0;
		};
/* End PBXSourcesBuildPhase section */

/* Begin PBXVariantGroup section */
		3DE43D2D2834DCB100B6CCD7 /* Main.storyboard */ = {
			isa = PBXVariantGroup;
			children = (
				3DE43D2E2834DCB100B6CCD7 /* Base */,
			);
			name = Main.storyboard;
			sourceTree = "<group>";
		};
		3DE43D322834DCB200B6CCD7 /* LaunchScreen.storyboard */ = {
			isa = PBXVariantGroup;
			children = (
				3DE43D332834DCB200B6CCD7 /* Base */,
			);
			name = LaunchScreen.storyboard;
			sourceTree = "<group>";
		};
/* End PBXVariantGroup section */

/* Begin XCBuildConfiguration section */
		3DE43D362834DCB200B6CCD7 /* Debug */ = {
			isa = XCBuildConfiguration;
			buildSettings = {
				ALWAYS_SEARCH_USER_PATHS = NO;
				CLANG_ANALYZER_NONNULL = YES;
				CLANG_ANALYZER_NUMBER_OBJECT_CONVERSION = YES_AGGRESSIVE;
				CLANG_CXX_LANGUAGE_STANDARD = "gnu++17";
				CLANG_CXX_LIBRARY = "libc++";
				CLANG_ENABLE_MODULES = YES;
				CLANG_ENABLE_OBJC_ARC = YES;
				CLANG_ENABLE_OBJC_WEAK = YES;
				CLANG_WARN_BLOCK_CAPTURE_AUTORELEASING = YES;
				CLANG_WARN_BOOL_CONVERSION = YES;
				CLANG_WARN_COMMA = YES;
				CLANG_WARN_CONSTANT_CONVERSION = YES;
				CLANG_WARN_DEPRECATED_OBJC_IMPLEMENTATIONS = YES;
				CLANG_WARN_DIRECT_OBJC_ISA_USAGE = YES_ERROR;
				CLANG_WARN_DOCUMENTATION_COMMENTS = YES;
				CLANG_WARN_EMPTY_BODY = YES;
				CLANG_WARN_ENUM_CONVERSION = YES;
				CLANG_WARN_INFINITE_RECURSION = YES;
				CLANG_WARN_INT_CONVERSION = YES;
				CLANG_WARN_NON_LITERAL_NULL_CONVERSION = YES;
				CLANG_WARN_OBJC_IMPLICIT_RETAIN_SELF = YES;
				CLANG_WARN_OBJC_LITERAL_CONVERSION = YES;
				CLANG_WARN_OBJC_ROOT_CLASS = YES_ERROR;
				CLANG_WARN_QUOTED_INCLUDE_IN_FRAMEWORK_HEADER = YES;
				CLANG_WARN_RANGE_LOOP_ANALYSIS = YES;
				CLANG_WARN_STRICT_PROTOTYPES = YES;
				CLANG_WARN_SUSPICIOUS_MOVE = YES;
				CLANG_WARN_UNGUARDED_AVAILABILITY = YES_AGGRESSIVE;
				CLANG_WARN_UNREACHABLE_CODE = YES;
				CLANG_WARN__DUPLICATE_METHOD_MATCH = YES;
				COPY_PHASE_STRIP = NO;
				DEBUG_INFORMATION_FORMAT = dwarf;
				ENABLE_STRICT_OBJC_MSGSEND = YES;
				ENABLE_TESTABILITY = YES;
				GCC_C_LANGUAGE_STANDARD = gnu11;
				GCC_DYNAMIC_NO_PIC = NO;
				GCC_NO_COMMON_BLOCKS = YES;
				GCC_OPTIMIZATION_LEVEL = 0;
				GCC_PREPROCESSOR_DEFINITIONS = (
					"DEBUG=1",
					"$(inherited)",
				);
				GCC_WARN_64_TO_32_BIT_CONVERSION = YES;
				GCC_WARN_ABOUT_RETURN_TYPE = YES_ERROR;
				GCC_WARN_UNDECLARED_SELECTOR = YES;
				GCC_WARN_UNINITIALIZED_AUTOS = YES_AGGRESSIVE;
				GCC_WARN_UNUSED_FUNCTION = YES;
				GCC_WARN_UNUSED_VARIABLE = YES;
				IPHONEOS_DEPLOYMENT_TARGET = 15.2;
				MTL_ENABLE_DEBUG_INFO = INCLUDE_SOURCE;
				MTL_FAST_MATH = YES;
				ONLY_ACTIVE_ARCH = YES;
				SDKROOT = iphoneos;
				SWIFT_ACTIVE_COMPILATION_CONDITIONS = DEBUG;
				SWIFT_OPTIMIZATION_LEVEL = "-Onone";
			};
			name = Debug;
		};
		3DE43D372834DCB200B6CCD7 /* Release */ = {
			isa = XCBuildConfiguration;
			buildSettings = {
				ALWAYS_SEARCH_USER_PATHS = NO;
				CLANG_ANALYZER_NONNULL = YES;
				CLANG_ANALYZER_NUMBER_OBJECT_CONVERSION = YES_AGGRESSIVE;
				CLANG_CXX_LANGUAGE_STANDARD = "gnu++17";
				CLANG_CXX_LIBRARY = "libc++";
				CLANG_ENABLE_MODULES = YES;
				CLANG_ENABLE_OBJC_ARC = YES;
				CLANG_ENABLE_OBJC_WEAK = YES;
				CLANG_WARN_BLOCK_CAPTURE_AUTORELEASING = YES;
				CLANG_WARN_BOOL_CONVERSION = YES;
				CLANG_WARN_COMMA = YES;
				CLANG_WARN_CONSTANT_CONVERSION = YES;
				CLANG_WARN_DEPRECATED_OBJC_IMPLEMENTATIONS = YES;
				CLANG_WARN_DIRECT_OBJC_ISA_USAGE = YES_ERROR;
				CLANG_WARN_DOCUMENTATION_COMMENTS = YES;
				CLANG_WARN_EMPTY_BODY = YES;
				CLANG_WARN_ENUM_CONVERSION = YES;
				CLANG_WARN_INFINITE_RECURSION = YES;
				CLANG_WARN_INT_CONVERSION = YES;
				CLANG_WARN_NON_LITERAL_NULL_CONVERSION = YES;
				CLANG_WARN_OBJC_IMPLICIT_RETAIN_SELF = YES;
				CLANG_WARN_OBJC_LITERAL_CONVERSION = YES;
				CLANG_WARN_OBJC_ROOT_CLASS = YES_ERROR;
				CLANG_WARN_QUOTED_INCLUDE_IN_FRAMEWORK_HEADER = YES;
				CLANG_WARN_RANGE_LOOP_ANALYSIS = YES;
				CLANG_WARN_STRICT_PROTOTYPES = YES;
				CLANG_WARN_SUSPICIOUS_MOVE = YES;
				CLANG_WARN_UNGUARDED_AVAILABILITY = YES_AGGRESSIVE;
				CLANG_WARN_UNREACHABLE_CODE = YES;
				CLANG_WARN__DUPLICATE_METHOD_MATCH = YES;
				COPY_PHASE_STRIP = NO;
				DEBUG_INFORMATION_FORMAT = "dwarf-with-dsym";
				ENABLE_NS_ASSERTIONS = NO;
				ENABLE_STRICT_OBJC_MSGSEND = YES;
				GCC_C_LANGUAGE_STANDARD = gnu11;
				GCC_NO_COMMON_BLOCKS = YES;
				GCC_WARN_64_TO_32_BIT_CONVERSION = YES;
				GCC_WARN_ABOUT_RETURN_TYPE = YES_ERROR;
				GCC_WARN_UNDECLARED_SELECTOR = YES;
				GCC_WARN_UNINITIALIZED_AUTOS = YES_AGGRESSIVE;
				GCC_WARN_UNUSED_FUNCTION = YES;
				GCC_WARN_UNUSED_VARIABLE = YES;
				IPHONEOS_DEPLOYMENT_TARGET = 15.2;
				MTL_ENABLE_DEBUG_INFO = NO;
				MTL_FAST_MATH = YES;
				SDKROOT = iphoneos;
				SWIFT_COMPILATION_MODE = wholemodule;
				SWIFT_OPTIMIZATION_LEVEL = "-O";
				VALIDATE_PRODUCT = YES;
			};
			name = Release;
		};
		3DE43D392834DCB200B6CCD7 /* Debug */ = {
			isa = XCBuildConfiguration;
			buildSettings = {
				ASSETCATALOG_COMPILER_APPICON_NAME = AppIcon;
				ASSETCATALOG_COMPILER_GLOBAL_ACCENT_COLOR_NAME = AccentColor;
				CODE_SIGN_STYLE = Automatic;
				CURRENT_PROJECT_VERSION = 1;
				GENERATE_INFOPLIST_FILE = YES;
				INFOPLIST_FILE = td4/Info.plist;
				INFOPLIST_KEY_UIApplicationSupportsIndirectInputEvents = YES;
				INFOPLIST_KEY_UILaunchStoryboardName = LaunchScreen;
				INFOPLIST_KEY_UIMainStoryboardFile = Main;
				INFOPLIST_KEY_UISupportedInterfaceOrientations_iPad = "UIInterfaceOrientationPortrait UIInterfaceOrientationPortraitUpsideDown UIInterfaceOrientationLandscapeLeft UIInterfaceOrientationLandscapeRight";
				INFOPLIST_KEY_UISupportedInterfaceOrientations_iPhone = "UIInterfaceOrientationPortrait UIInterfaceOrientationLandscapeLeft UIInterfaceOrientationLandscapeRight";
				LD_RUNPATH_SEARCH_PATHS = (
					"$(inherited)",
					"@executable_path/Frameworks",
				);
				MARKETING_VERSION = 1.0;
				PRODUCT_BUNDLE_IDENTIFIER = com.iim.td4;
				PRODUCT_NAME = "$(TARGET_NAME)";
				SWIFT_EMIT_LOC_STRINGS = YES;
				SWIFT_VERSION = 5.0;
				TARGETED_DEVICE_FAMILY = "1,2";
			};
			name = Debug;
		};
		3DE43D3A2834DCB200B6CCD7 /* Release */ = {
			isa = XCBuildConfiguration;
			buildSettings = {
				ASSETCATALOG_COMPILER_APPICON_NAME = AppIcon;
				ASSETCATALOG_COMPILER_GLOBAL_ACCENT_COLOR_NAME = AccentColor;
				CODE_SIGN_STYLE = Automatic;
				CURRENT_PROJECT_VERSION = 1;
				GENERATE_INFOPLIST_FILE = YES;
				INFOPLIST_FILE = td4/Info.plist;
				INFOPLIST_KEY_UIApplicationSupportsIndirectInputEvents = YES;
				INFOPLIST_KEY_UILaunchStoryboardName = LaunchScreen;
				INFOPLIST_KEY_UIMainStoryboardFile = Main;
				INFOPLIST_KEY_UISupportedInterfaceOrientations_iPad = "UIInterfaceOrientationPortrait UIInterfaceOrientationPortraitUpsideDown UIInterfaceOrientationLandscapeLeft UIInterfaceOrientationLandscapeRight";
				INFOPLIST_KEY_UISupportedInterfaceOrientations_iPhone = "UIInterfaceOrientationPortrait UIInterfaceOrientationLandscapeLeft UIInterfaceOrientationLandscapeRight";
				LD_RUNPATH_SEARCH_PATHS = (
					"$(inherited)",
					"@executable_path/Frameworks",
				);
				MARKETING_VERSION = 1.0;
				PRODUCT_BUNDLE_IDENTIFIER = com.iim.td4;
				PRODUCT_NAME = "$(TARGET_NAME)";
				SWIFT_EMIT_LOC_STRINGS = YES;
				SWIFT_VERSION = 5.0;
				TARGETED_DEVICE_FAMILY = "1,2";
			};
			name = Release;
		};
/* End XCBuildConfiguration section */

/* Begin XCConfigurationList section */
		3DE43D1F2834DCB100B6CCD7 /* Build configuration list for PBXProject "td4" */ = {
			isa = XCConfigurationList;
			buildConfigurations = (
				3DE43D362834DCB200B6CCD7 /* Debug */,
				3DE43D372834DCB200B6CCD7 /* Release */,
			);
			defaultConfigurationIsVisible = 0;
			defaultConfigurationName = Release;
		};
		3DE43D382834DCB200B6CCD7 /* Build configuration list for PBXNativeTarget "td4" */ = {
			isa = XCConfigurationList;
			buildConfigurations = (
				3DE43D392834DCB200B6CCD7 /* Debug */,
				3DE43D3A2834DCB200B6CCD7 /* Release */,
			);
			defaultConfigurationIsVisible = 0;
			defaultConfigurationName = Release;
		};
/* End XCConfigurationList section */

/* Begin XCRemoteSwiftPackageReference section */
		3DFD102D28351EE600634252 /* XCRemoteSwiftPackageReference "Kingfisher" */ = {
			isa = XCRemoteSwiftPackageReference;
			repositoryURL = "https://github.com/onevcat/Kingfisher";
			requirement = {
				kind = upToNextMajorVersion;
				minimumVersion = 7.0.0;
			};
		};
/* End XCRemoteSwiftPackageReference section */

/* Begin XCSwiftPackageProductDependency section */
		3DFD102E28351EE600634252 /* Kingfisher */ = {
			isa = XCSwiftPackageProductDependency;
			package = 3DFD102D28351EE600634252 /* XCRemoteSwiftPackageReference "Kingfisher" */;
			productName = Kingfisher;
		};
/* End XCSwiftPackageProductDependency section */
	};
	rootObject = 3DE43D1C2834DCB100B6CCD7 /* Project object */;
}
